
Microsoft Visual Studio Solution File, Format Version 12.00
# Visual Studio Version 16
VisualStudioVersion = 16.0.31911.196
MinimumVisualStudioVersion = 10.0.40219.1
Project("{FAE04EC0-301F-11D3-BF4B-00C04F79EFBC}") = "Installer", "Installer.csproj", "{C4E900D6-89FF-4889-B6B6-5B8F920E9A37}"
EndProject
Project("{54435603-DBB4-11D2-8724-00A0C9A8B90C}") = "Setup1", "..\Setup1\Setup1.vdproj", "{40D39B4A-DC9C-40B6-9C56-8404555641D4}"
EndProject
Project("{54435603-DBB4-11D2-8724-00A0C9A8B90C}") = "Setup2", "..\Setup2\Setup2.vdproj", "{A37FE098-0633-4D7A-955F-B98F3AC217A8}"
EndProject
Global
	GlobalSection(SolutionConfigurationPlatforms) = preSolution
		Debug|Any CPU = Debug|Any CPU
		Release|Any CPU = Release|Any CPU
	EndGlobalSection
	GlobalSection(ProjectConfigurationPlatforms) = postSolution
		{C4E900D6-89FF-4889-B6B6-5B8F920E9A37}.Debug|Any CPU.ActiveCfg = Debug|Any CPU
		{C4E900D6-89FF-4889-B6B6-5B8F920E9A37}.Debug|Any CPU.Build.0 = Debug|Any CPU
		{C4E900D6-89FF-4889-B6B6-5B8F920E9A37}.Release|Any CPU.ActiveCfg = Release|Any CPU
		{C4E900D6-89FF-4889-B6B6-5B8F920E9A37}.Release|Any CPU.Build.0 = Release|Any CPU
		{40D39B4A-DC9C-40B6-9C56-8404555641D4}.Debug|Any CPU.ActiveCfg = Debug
		{40D39B4A-DC9C-40B6-9C56-8404555641D4}.Release|Any CPU.ActiveCfg = Release
		{A37FE098-0633-4D7A-955F-B98F3AC217A8}.Debug|Any CPU.ActiveCfg = Debug
		{A37FE098-0633-4D7A-955F-B98F3AC217A8}.Release|Any CPU.ActiveCfg = Release
	EndGlobalSection
	GlobalSection(SolutionProperties) = preSolution
		HideSolutionNode = FALSE
	EndGlobalSection
	GlobalSection(ExtensibilityGlobals) = postSolution
		SolutionGuid = {48D93D16-4CE6-42BF-98C5-A3A7AAB5F817}
	EndGlobalSection
EndGlobal
